// !$*UTF8*$!
{
	archiveVersion = 1;
	classes = {
	};
	objectVersion = 46;
	objects = {

/* Begin PBXBuildFile section */
		9A9E4A742751A3100094A04C /* libacme.dylib in Frameworks */ = {isa = PBXBuildFile; fileRef = 9A9E4A732751A3100094A04C /* libacme.dylib */; };
		9A9E4A762751A3100094A04C /* libapex.dylib in Frameworks */ = {isa = PBXBuildFile; fileRef = 9A9E4A752751A3100094A04C /* libapex.dylib */; };
		9A9E4A782751A3100094A04C /* libaqua.dylib in Frameworks */ = {isa = PBXBuildFile; fileRef = 9A9E4A772751A3100094A04C /* libaqua.dylib */; };
		9A9E4A7A2751A3100094A04C /* libaura.dylib in Frameworks */ = {isa = PBXBuildFile; fileRef = 9A9E4A792751A3100094A04C /* libaura.dylib */; };
		9A9E4A7C2751A3100094A04C /* libbred.dylib in Frameworks */ = {isa = PBXBuildFile; fileRef = 9A9E4A7B2751A3100094A04C /* libbred.dylib */; };
		9A9E4A7D2751A3100094A04C /* libbase.dylib in Frameworks */ = {isa = PBXBuildFile; fileRef = 9A18FD63251B10010064BCDE /* libbase.dylib */; };
/* End PBXBuildFile section */

/* Begin PBXContainerItemProxy section */
		9A18FD62251B10010064BCDE /* PBXContainerItemProxy */ = {
			isa = PBXContainerItemProxy;
			containerPortal = 9A18FD5E251B10010064BCDE /* base.xcodeproj */;
			proxyType = 2;
			remoteGlobalIDString = 9AD117F324F51BE400177261;
			remoteInfo = base;
		};
		9A18FD64251B100F0064BCDE /* PBXContainerItemProxy */ = {
			isa = PBXContainerItemProxy;
			containerPortal = 9A18FD5E251B10010064BCDE /* base.xcodeproj */;
			proxyType = 1;
			remoteGlobalIDString = 9AD117F224F51BE400177261;
			remoteInfo = base;
		};
/* End PBXContainerItemProxy section */

/* Begin PBXCopyFilesBuildPhase section */
		9AE24E881904CFFD001AEFFB /* CopyFiles */ = {
			isa = PBXCopyFilesBuildPhase;
			buildActionMask = 2147483647;
			dstPath = "include/$(PRODUCT_NAME)";
			dstSubfolderSpec = 16;
			files = (
			);
			runOnlyForDeploymentPostprocessing = 0;
		};
/* End PBXCopyFilesBuildPhase section */

/* Begin PBXFileReference section */
		9A18FD5E251B10010064BCDE /* base.xcodeproj */ = {isa = PBXFileReference; lastKnownFileType = "wrapper.pb-project"; name = base.xcodeproj; path = ../../app/base/base.xcodeproj; sourceTree = SOURCE_ROOT; };
		9A9E4A732751A3100094A04C /* libacme.dylib */ = {isa = PBXFileReference; explicitFileType = "compiled.mach-o.dylib"; path = libacme.dylib; sourceTree = BUILT_PRODUCTS_DIR; };
		9A9E4A752751A3100094A04C /* libapex.dylib */ = {isa = PBXFileReference; explicitFileType = "compiled.mach-o.dylib"; path = libapex.dylib; sourceTree = BUILT_PRODUCTS_DIR; };
		9A9E4A772751A3100094A04C /* libaqua.dylib */ = {isa = PBXFileReference; explicitFileType = "compiled.mach-o.dylib"; path = libaqua.dylib; sourceTree = BUILT_PRODUCTS_DIR; };
		9A9E4A792751A3100094A04C /* libaura.dylib */ = {isa = PBXFileReference; explicitFileType = "compiled.mach-o.dylib"; path = libaura.dylib; sourceTree = BUILT_PRODUCTS_DIR; };
		9A9E4A7B2751A3100094A04C /* libbred.dylib */ = {isa = PBXFileReference; explicitFileType = "compiled.mach-o.dylib"; path = libbred.dylib; sourceTree = BUILT_PRODUCTS_DIR; };
		9A9E4AE12751A54E0094A04C /* _app_simple_winnfsd_desktop.h */ = {isa = PBXFileReference; lastKnownFileType = sourcecode.c.h; path = _app_simple_winnfsd_desktop.h; sourceTree = "<group>"; };
		9A9E4AEC2751A54E0094A04C /* frame.cpp */ = {isa = PBXFileReference; lastKnownFileType = sourcecode.cpp.cpp; path = frame.cpp; sourceTree = "<group>"; };
		9A9E4AF22751A54E0094A04C /* main_frame.cpp */ = {isa = PBXFileReference; lastKnownFileType = sourcecode.cpp.cpp; path = main_frame.cpp; sourceTree = "<group>"; };
		9A9E4B052751A54E0094A04C /* framework.cpp */ = {isa = PBXFileReference; lastKnownFileType = sourcecode.cpp.cpp; path = framework.cpp; sourceTree = "<group>"; };
		9A9E4B062751A54E0094A04C /* application.h */ = {isa = PBXFileReference; lastKnownFileType = sourcecode.c.h; path = application.h; sourceTree = "<group>"; };
		9A9E4B082751A54E0094A04C /* frame.h */ = {isa = PBXFileReference; lastKnownFileType = sourcecode.c.h; path = frame.h; sourceTree = "<group>"; };
		9A9E4B712751A54F0094A04C /* tab_impact.cpp */ = {isa = PBXFileReference; lastKnownFileType = sourcecode.cpp.cpp; path = tab_impact.cpp; sourceTree = "<group>"; };
		9A9E4B7C2751A54F0094A04C /* impact.h */ = {isa = PBXFileReference; lastKnownFileType = sourcecode.c.h; path = impact.h; sourceTree = "<group>"; };
		9A9E4B802751A5500094A04C /* impact.cpp */ = {isa = PBXFileReference; lastKnownFileType = sourcecode.cpp.cpp; path = impact.cpp; sourceTree = "<group>"; };
		9A9E4B832751A5500094A04C /* targetver.h */ = {isa = PBXFileReference; lastKnownFileType = sourcecode.c.h; path = targetver.h; sourceTree = "<group>"; };
		9A9E4B8E2751A5500094A04C /* tab_impact.h */ = {isa = PBXFileReference; lastKnownFileType = sourcecode.c.h; path = tab_impact.h; sourceTree = "<group>"; };
		9A9E4B992751A5500094A04C /* document.h */ = {isa = PBXFileReference; lastKnownFileType = sourcecode.c.h; path = document.h; sourceTree = "<group>"; };
		9A9E4B9F2751A5510094A04C /* resource.h */ = {isa = PBXFileReference; lastKnownFileType = sourcecode.c.h; path = resource.h; sourceTree = "<group>"; };
		9A9E4BA72751A5510094A04C /* framework.h */ = {isa = PBXFileReference; lastKnownFileType = sourcecode.c.h; path = framework.h; sourceTree = "<group>"; };
		9A9E4BAB2751A5510094A04C /* application.cpp */ = {isa = PBXFileReference; lastKnownFileType = sourcecode.cpp.cpp; path = application.cpp; sourceTree = "<group>"; };
		9A9E4BAD2751A5510094A04C /* document.cpp */ = {isa = PBXFileReference; lastKnownFileType = sourcecode.cpp.cpp; path = document.cpp; sourceTree = "<group>"; };
		9A9E4BDA2751A5520094A04C /* main_frame.h */ = {isa = PBXFileReference; lastKnownFileType = sourcecode.c.h; path = main_frame.h; sourceTree = "<group>"; };
		9A9E4BDC2751A5520094A04C /* main.cpp */ = {isa = PBXFileReference; lastKnownFileType = sourcecode.cpp.cpp; path = main.cpp; sourceTree = "<group>"; };
		9A9E4BE62751A5530094A04C /* _.h */ = {isa = PBXFileReference; lastKnownFileType = sourcecode.c.h; path = _.h; sourceTree = "<group>"; };
		9A9E4BF32751A6E80094A04C /* matter.txt */ = {isa = PBXFileReference; lastKnownFileType = text; path = matter.txt; sourceTree = "<group>"; };
		9AE24E8A1904CFFD001AEFFB /* libios_app_simple_winnfsd_desktop.a */ = {isa = PBXFileReference; explicitFileType = archive.ar; includeInIndex = 0; path = libios_app_simple_winnfsd_desktop.a; sourceTree = BUILT_PRODUCTS_DIR; };
		9AEB75A316F78DF10085103B /* libapp_simple_winnfsd_desktop.dylib */ = {isa = PBXFileReference; explicitFileType = "compiled.mach-o.dylib"; includeInIndex = 0; path = libapp_simple_winnfsd_desktop.dylib; sourceTree = BUILT_PRODUCTS_DIR; };
/* End PBXFileReference section */

/* Begin PBXFrameworksBuildPhase section */
		9AE24E871904CFFD001AEFFB /* Frameworks */ = {
			isa = PBXFrameworksBuildPhase;
			buildActionMask = 2147483647;
			files = (
			);
			runOnlyForDeploymentPostprocessing = 0;
		};
		9AEB75A016F78DF10085103B /* Frameworks */ = {
			isa = PBXFrameworksBuildPhase;
			buildActionMask = 2147483647;
			files = (
				9A9E4A742751A3100094A04C /* libacme.dylib in Frameworks */,
				9A9E4A762751A3100094A04C /* libapex.dylib in Frameworks */,
				9A9E4A782751A3100094A04C /* libaqua.dylib in Frameworks */,
				9A9E4A7A2751A3100094A04C /* libaura.dylib in Frameworks */,
				9A9E4A7D2751A3100094A04C /* libbase.dylib in Frameworks */,
				9A9E4A7C2751A3100094A04C /* libbred.dylib in Frameworks */,
			);
			runOnlyForDeploymentPostprocessing = 0;
		};
/* End PBXFrameworksBuildPhase section */

/* Begin PBXGroup section */
		9A18FD5F251B10010064BCDE /* Products */ = {
			isa = PBXGroup;
			children = (
				9A18FD63251B10010064BCDE /* libbase.dylib */,
			);
			name = Products;
			sourceTree = "<group>";
		};
		9A920FD61F3BF68400CD9D94 /* Frameworks */ = {
			isa = PBXGroup;
			children = (
				9A9E4A732751A3100094A04C /* libacme.dylib */,
				9A9E4A752751A3100094A04C /* libapex.dylib */,
				9A9E4A772751A3100094A04C /* libaqua.dylib */,
				9A9E4A792751A3100094A04C /* libaura.dylib */,
				9A9E4A7B2751A3100094A04C /* libbred.dylib */,
			);
			name = Frameworks;
			sourceTree = "<group>";
		};
		9A9E4ADC2751A54E0094A04C /* http */ = {
			isa = PBXGroup;
			children = (
				9A9E4BF32751A6E80094A04C /* matter.txt */,
				9A9E4BE62751A5530094A04C /* _.h */,
				9A9E4AE12751A54E0094A04C /* _app_simple_winnfsd_desktop.h */,
				9A9E4BAB2751A5510094A04C /* application.cpp */,
				9A9E4B062751A54E0094A04C /* application.h */,
				9A9E4BAD2751A5510094A04C /* document.cpp */,
				9A9E4B992751A5500094A04C /* document.h */,
				9A9E4AEC2751A54E0094A04C /* frame.cpp */,
				9A9E4B082751A54E0094A04C /* frame.h */,
				9A9E4B052751A54E0094A04C /* framework.cpp */,
				9A9E4BA72751A5510094A04C /* framework.h */,
				9A9E4B802751A5500094A04C /* impact.cpp */,
				9A9E4B7C2751A54F0094A04C /* impact.h */,
				9A9E4AF22751A54E0094A04C /* main_frame.cpp */,
				9A9E4BDA2751A5520094A04C /* main_frame.h */,
				9A9E4BDC2751A5520094A04C /* main.cpp */,
				9A9E4B9F2751A5510094A04C /* resource.h */,
				9A9E4B712751A54F0094A04C /* tab_impact.cpp */,
				9A9E4B8E2751A5500094A04C /* tab_impact.h */,
				9A9E4B832751A5500094A04C /* targetver.h */,
			);
			name = http;
			sourceTree = "<group>";
		};
		9AEB759A16F78DF10085103B = {
			isa = PBXGroup;
			children = (
				9A18FD5E251B10010064BCDE /* base.xcodeproj */,
				9A9E4ADC2751A54E0094A04C /* http */,
				9AEB75A416F78DF10085103B /* Products */,
				9A920FD61F3BF68400CD9D94 /* Frameworks */,
			);
			sourceTree = "<group>";
		};
		9AEB75A416F78DF10085103B /* Products */ = {
			isa = PBXGroup;
			children = (
				9AEB75A316F78DF10085103B /* libapp_simple_winnfsd_desktop.dylib */,
				9AE24E8A1904CFFD001AEFFB /* libios_app_simple_winnfsd_desktop.a */,
			);
			name = Products;
			sourceTree = "<group>";
		};
/* End PBXGroup section */

/* Begin PBXHeadersBuildPhase section */
		9AEB75A116F78DF10085103B /* Headers */ = {
			isa = PBXHeadersBuildPhase;
			buildActionMask = 2147483647;
			files = (
			);
			runOnlyForDeploymentPostprocessing = 0;
		};
/* End PBXHeadersBuildPhase section */

/* Begin PBXNativeTarget section */
		9AE24E891904CFFD001AEFFB /* ios_app_simple_winnfsd_desktop */ = {
			isa = PBXNativeTarget;
			buildConfigurationList = 9AE24EBA1904CFFD001AEFFB /* Build configuration list for PBXNativeTarget "ios_app_simple_winnfsd_desktop" */;
			buildPhases = (
				9AE24E861904CFFD001AEFFB /* Sources */,
				9AE24E871904CFFD001AEFFB /* Frameworks */,
				9AE24E881904CFFD001AEFFB /* CopyFiles */,
			);
			buildRules = (
			);
			dependencies = (
			);
			name = ios_app_simple_winnfsd_desktop;
			productName = app_core_hellomultiverse_ios;
			productReference = 9AE24E8A1904CFFD001AEFFB /* libios_app_simple_winnfsd_desktop.a */;
			productType = "com.apple.product-type.library.static";
		};
		9AEB75A216F78DF10085103B /* app_simple_winnfsd_desktop */ = {
			isa = PBXNativeTarget;
			buildConfigurationList = 9AEB75A716F78DF10085103B /* Build configuration list for PBXNativeTarget "app_simple_winnfsd_desktop" */;
			buildPhases = (
				9A2293232472D7BA00B1A4EC /* ShellScript */,
				9AEB75A116F78DF10085103B /* Headers */,
				9AEB759F16F78DF10085103B /* Sources */,
				9AEB75A016F78DF10085103B /* Frameworks */,
			);
			buildRules = (
			);
			dependencies = (
				9A18FD65251B100F0064BCDE /* PBXTargetDependency */,
			);
			name = app_simple_winnfsd_desktop;
			productName = app_core_hellomultiverse;
			productReference = 9AEB75A316F78DF10085103B /* libapp_simple_winnfsd_desktop.dylib */;
			productType = "com.apple.product-type.library.dynamic";
		};
/* End PBXNativeTarget section */

/* Begin PBXProject section */
		9AEB759B16F78DF10085103B /* Project object */ = {
			isa = PBXProject;
			attributes = {
				LastUpgradeCheck = 1250;
				ORGANIZATIONNAME = "Camilo Sasuke Tsumanuma";
			};
			buildConfigurationList = 9AEB759E16F78DF10085103B /* Build configuration list for PBXProject "app_simple_winnfsd_desktop" */;
			compatibilityVersion = "Xcode 3.2";
			developmentRegion = en;
			hasScannedForEncodings = 0;
			knownRegions = (
				en,
				Base,
			);
			mainGroup = 9AEB759A16F78DF10085103B;
			productRefGroup = 9AEB75A416F78DF10085103B /* Products */;
			projectDirPath = "";
			projectReferences = (
				{
					ProductGroup = 9A18FD5F251B10010064BCDE /* Products */;
					ProjectRef = 9A18FD5E251B10010064BCDE /* base.xcodeproj */;
				},
			);
			projectRoot = "";
			targets = (
				9AEB75A216F78DF10085103B /* app_simple_winnfsd_desktop */,
				9AE24E891904CFFD001AEFFB /* ios_app_simple_winnfsd_desktop */,
			);
		};
/* End PBXProject section */

/* Begin PBXReferenceProxy section */
		9A18FD63251B10010064BCDE /* libbase.dylib */ = {
			isa = PBXReferenceProxy;
			fileType = "compiled.mach-o.dylib";
			path = libbase.dylib;
			remoteRef = 9A18FD62251B10010064BCDE /* PBXContainerItemProxy */;
			sourceTree = BUILT_PRODUCTS_DIR;
		};
/* End PBXReferenceProxy section */

/* Begin PBXSourcesBuildPhase section */
		9AE24E861904CFFD001AEFFB /* Sources */ = {
			isa = PBXSourcesBuildPhase;
			buildActionMask = 2147483647;
			files = (
			);
			runOnlyForDeploymentPostprocessing = 0;
		};
		9AEB759F16F78DF10085103B /* Sources */ = {
			isa = PBXSourcesBuildPhase;
			buildActionMask = 2147483647;
			files = (
			);
			runOnlyForDeploymentPostprocessing = 0;
		};
/* End PBXSourcesBuildPhase section */

/* Begin PBXTargetDependency section */
		9A18FD65251B100F0064BCDE /* PBXTargetDependency */ = {
			isa = PBXTargetDependency;
			name = base;
			targetProxy = 9A18FD64251B100F0064BCDE /* PBXContainerItemProxy */;
		};
/* End PBXTargetDependency section */

/* Begin XCBuildConfiguration section */
		9AE24EAA1904CFFD001AEFFB /* Debug */ = {
			isa = XCBuildConfiguration;
			buildSettings = {
				ENABLE_HARDENED_RUNTIME = YES;
				EXECUTABLE_EXTENSION = a;
				IPHONEOS_DEPLOYMENT_TARGET = 12.0;
				MACH_O_TYPE = staticlib;
				PLATFORM_MODIFIER = ios;
				SDKROOT = iphoneos;
			};
			name = Debug;
		};
		9AE24EAB1904CFFD001AEFFB /* Release */ = {
			isa = XCBuildConfiguration;
			buildSettings = {
				ENABLE_HARDENED_RUNTIME = YES;
				EXECUTABLE_EXTENSION = a;
				IPHONEOS_DEPLOYMENT_TARGET = 12.0;
				MACH_O_TYPE = staticlib;
				PLATFORM_MODIFIER = ios;
				SDKROOT = iphoneos;
			};
			name = Release;
		};
		9AEB75A516F78DF10085103B /* Debug */ = {
			isa = XCBuildConfiguration;
			buildSettings = {
				ALWAYS_SEARCH_USER_PATHS = NO;
				BUILD_LIBRARY_FOR_DISTRIBUTION = YES;
				CLANG_ANALYZER_DEADCODE_DEADSTORES = NO;
				CLANG_ANALYZER_LOCALIZABILITY_NONLOCALIZED = YES;
				CLANG_CXX_LANGUAGE_STANDARD = "c++20";
				CLANG_CXX_LIBRARY = "libc++";
				CLANG_ENABLE_OBJC_ARC = YES;
				CLANG_STATIC_ANALYZER_MODE_ON_ANALYZE_ACTION = shallow;
				CLANG_WARN_BLOCK_CAPTURE_AUTORELEASING = YES;
				CLANG_WARN_BOOL_CONVERSION = YES;
				CLANG_WARN_COMMA = YES;
				CLANG_WARN_CONSTANT_CONVERSION = YES;
				CLANG_WARN_DEPRECATED_OBJC_IMPLEMENTATIONS = YES;
				CLANG_WARN_DIRECT_OBJC_ISA_USAGE = YES_ERROR;
				CLANG_WARN_EMPTY_BODY = YES;
				CLANG_WARN_ENUM_CONVERSION = YES;
				CLANG_WARN_INFINITE_RECURSION = YES;
				CLANG_WARN_INT_CONVERSION = YES;
				CLANG_WARN_NON_LITERAL_NULL_CONVERSION = YES;
				CLANG_WARN_OBJC_IMPLICIT_RETAIN_SELF = YES;
				CLANG_WARN_OBJC_LITERAL_CONVERSION = YES;
				CLANG_WARN_OBJC_ROOT_CLASS = YES_ERROR;
				CLANG_WARN_QUOTED_INCLUDE_IN_FRAMEWORK_HEADER = YES;
				CLANG_WARN_RANGE_LOOP_ANALYSIS = YES;
				CLANG_WARN_STRICT_PROTOTYPES = YES;
				CLANG_WARN_SUSPICIOUS_MOVE = YES;
				CLANG_WARN_UNREACHABLE_CODE = YES;
				CLANG_WARN__DUPLICATE_METHOD_MATCH = YES;
				COPY_PHASE_STRIP = NO;
				DEBUG_INFORMATION_FORMAT = "dwarf-with-dsym";
				DEPLOYMENT_POSTPROCESSING = YES;
				ENABLE_STRICT_OBJC_MSGSEND = YES;
				ENABLE_TESTABILITY = YES;
				EXECUTABLE_PREFIX = lib;
				GCC_C_LANGUAGE_STANDARD = c11;
				GCC_DYNAMIC_NO_PIC = NO;
				GCC_ENABLE_OBJC_EXCEPTIONS = YES;
				GCC_NO_COMMON_BLOCKS = YES;
				GCC_OPTIMIZATION_LEVEL = 0;
				GCC_PRECOMPILE_PREFIX_HEADER = YES;
				GCC_PREFIX_HEADER = framework.h;
				GCC_PREPROCESSOR_DEFINITIONS = _DEBUG;
				GCC_SYMBOLS_PRIVATE_EXTERN = NO;
				GCC_WARN_64_TO_32_BIT_CONVERSION = YES;
				GCC_WARN_ABOUT_RETURN_TYPE = YES_ERROR;
				GCC_WARN_UNDECLARED_SELECTOR = YES;
				GCC_WARN_UNINITIALIZED_AUTOS = YES_AGGRESSIVE;
				GCC_WARN_UNUSED_FUNCTION = YES;
				GCC_WARN_UNUSED_VARIABLE = YES;
				HEADER_SEARCH_PATHS = "";
				INSTALL_PATH = "@executable_path";
				IPHONEOS_DEPLOYMENT_TARGET = 12.0;
				LIBRARY_SEARCH_PATHS = (
					"$(inherited)",
					"$(WorkspaceDir)/../operating_system/storage-$(PLATFORM_MODIFIER)/$(CONFIGURATION)/library",
				
				);
				ONLY_ACTIVE_ARCH = YES;
				OTHER_LDFLAGS = "-all_load";
				PLATFORM_MODIFIER = macos;
				PRODUCT_NAME = "$(TARGET_NAME)";
				SDKROOT = macosx;
				SKIP_INSTALL = YES;
				STRIP_INSTALLED_PRODUCT = NO;
				USER_HEADER_SEARCH_PATHS = ". $(WorkspaceDir)/source $(WorkspaceDir)/source/include $(WorkspaceDir)/source/app $(WorkspaceDir)/source/app/include $(WorkspaceDir)/operating_system $(WorkspaceDir)/operating_system/operating_system-$(PLATFORM_MODIFIER) $(WorkspaceDir)/operating_system/operating_system-$(PLATFORM_MODIFIER)/include $(WorkspaceDir)/port/_ $(WorkspaceDir)/port/include . .. $(WorkspaceDir)  $(WorkspaceDir)/source/app $(WorkspaceDir)/source/app/include";
				USE_HEADERMAP = NO;
				WorkspaceDir = "$(SRCROOT)/../../..";
			};
			name = Debug;
		};
		9AEB75A616F78DF10085103B /* Release */ = {
			isa = XCBuildConfiguration;
			buildSettings = {
				ALWAYS_SEARCH_USER_PATHS = NO;
				BUILD_LIBRARY_FOR_DISTRIBUTION = YES;
				CLANG_ANALYZER_DEADCODE_DEADSTORES = NO;
				CLANG_ANALYZER_LOCALIZABILITY_NONLOCALIZED = YES;
				CLANG_CXX_LANGUAGE_STANDARD = "c++20";
				CLANG_CXX_LIBRARY = "libc++";
				CLANG_ENABLE_OBJC_ARC = YES;
				CLANG_STATIC_ANALYZER_MODE_ON_ANALYZE_ACTION = shallow;
				CLANG_WARN_BLOCK_CAPTURE_AUTORELEASING = YES;
				CLANG_WARN_BOOL_CONVERSION = YES;
				CLANG_WARN_COMMA = YES;
				CLANG_WARN_CONSTANT_CONVERSION = YES;
				CLANG_WARN_DEPRECATED_OBJC_IMPLEMENTATIONS = YES;
				CLANG_WARN_DIRECT_OBJC_ISA_USAGE = YES_ERROR;
				CLANG_WARN_EMPTY_BODY = YES;
				CLANG_WARN_ENUM_CONVERSION = YES;
				CLANG_WARN_INFINITE_RECURSION = YES;
				CLANG_WARN_INT_CONVERSION = YES;
				CLANG_WARN_NON_LITERAL_NULL_CONVERSION = YES;
				CLANG_WARN_OBJC_IMPLICIT_RETAIN_SELF = YES;
				CLANG_WARN_OBJC_LITERAL_CONVERSION = YES;
				CLANG_WARN_OBJC_ROOT_CLASS = YES_ERROR;
				CLANG_WARN_QUOTED_INCLUDE_IN_FRAMEWORK_HEADER = YES;
				CLANG_WARN_RANGE_LOOP_ANALYSIS = YES;
				CLANG_WARN_STRICT_PROTOTYPES = YES;
				CLANG_WARN_SUSPICIOUS_MOVE = YES;
				CLANG_WARN_UNREACHABLE_CODE = YES;
				CLANG_WARN__DUPLICATE_METHOD_MATCH = YES;
				COPY_PHASE_STRIP = YES;
				DEBUG_INFORMATION_FORMAT = "dwarf-with-dsym";
				DEPLOYMENT_POSTPROCESSING = YES;
				ENABLE_STRICT_OBJC_MSGSEND = YES;
				EXECUTABLE_PREFIX = lib;
				GCC_C_LANGUAGE_STANDARD = c11;
				GCC_ENABLE_OBJC_EXCEPTIONS = YES;
				GCC_NO_COMMON_BLOCKS = YES;
				GCC_PRECOMPILE_PREFIX_HEADER = YES;
				GCC_PREFIX_HEADER = framework.h;
				GCC_WARN_64_TO_32_BIT_CONVERSION = YES;
				GCC_WARN_ABOUT_RETURN_TYPE = YES_ERROR;
				GCC_WARN_UNDECLARED_SELECTOR = YES;
				GCC_WARN_UNINITIALIZED_AUTOS = YES_AGGRESSIVE;
				GCC_WARN_UNUSED_FUNCTION = YES;
				GCC_WARN_UNUSED_VARIABLE = YES;
				HEADER_SEARCH_PATHS = "";
				INSTALL_PATH = "@executable_path";
				IPHONEOS_DEPLOYMENT_TARGET = 12.0;
				LIBRARY_SEARCH_PATHS = (
					"$(inherited)",
					"$(WorkspaceDir)/../operating_system/storage-$(PLATFORM_MODIFIER)/$(CONFIGURATION)/library",
				
					"$(WorkspaceDir)/operating_system",
				);
				OTHER_LDFLAGS = "-all_load";
				PLATFORM_MODIFIER = macos;
				PRODUCT_NAME = "$(TARGET_NAME)";
				SDKROOT = macosx;
				SKIP_INSTALL = YES;
				USER_HEADER_SEARCH_PATHS = ". $(WorkspaceDir)/source $(WorkspaceDir)/source/include $(WorkspaceDir)/source/app $(WorkspaceDir)/source/app/include $(WorkspaceDir)/operating_system $(WorkspaceDir)/operating_system/operating_system-$(PLATFORM_MODIFIER) $(WorkspaceDir)/operating_system/operating_system-$(PLATFORM_MODIFIER)/include $(WorkspaceDir)/port/_ $(WorkspaceDir)/port/include . .. $(WorkspaceDir)  $(WorkspaceDir)/source/app $(WorkspaceDir)/source/app/include";
				USE_HEADERMAP = NO;
				VALIDATE_PRODUCT = YES;
				WorkspaceDir = "$(SRCROOT)/../../..";
			};
			name = Release;
		};
		9AEB75A816F78DF10085103B /* Debug */ = {
			isa = XCBuildConfiguration;
			buildSettings = {
				PLATFORM_MODIFIER = macos;
			};
			name = Debug;
		};
		9AEB75A916F78DF10085103B /* Release */ = {
			isa = XCBuildConfiguration;
			buildSettings = {
				PLATFORM_MODIFIER = macos;
			};
			name = Release;
		};
/* End XCBuildConfiguration section */

/* Begin XCConfigurationList section */
		9AE24EBA1904CFFD001AEFFB /* Build configuration list for PBXNativeTarget "ios_app_simple_winnfsd_desktop" */ = {
			isa = XCConfigurationList;
			buildConfigurations = (
				9AE24EAA1904CFFD001AEFFB /* Debug */,
				9AE24EAB1904CFFD001AEFFB /* Release */,
			);
			defaultConfigurationIsVisible = 0;
			defaultConfigurationName = Release;
		};
		9AEB759E16F78DF10085103B /* Build configuration list for PBXProject "app_simple_winnfsd_desktop" */ = {
			isa = XCConfigurationList;
			buildConfigurations = (
				9AEB75A516F78DF10085103B /* Debug */,
				9AEB75A616F78DF10085103B /* Release */,
			);
			defaultConfigurationIsVisible = 0;
			defaultConfigurationName = Release;
		};
		9AEB75A716F78DF10085103B /* Build configuration list for PBXNativeTarget "app_simple_winnfsd_desktop" */ = {
			isa = XCConfigurationList;
			buildConfigurations = (
				9AEB75A816F78DF10085103B /* Debug */,
				9AEB75A916F78DF10085103B /* Release */,
			);
			defaultConfigurationIsVisible = 0;
			defaultConfigurationName = Release;
		};
/* End XCConfigurationList section */
	};
	rootObject = 9AEB759B16F78DF10085103B /* Project object */;
}
